
Microsoft Visual Studio Solution File, Format Version 12.00
# Visual Studio Version 17
VisualStudioVersion = 17.1.32228.430
MinimumVisualStudioVersion = 10.0.40219.1
Project("{FAE04EC0-301F-11D3-BF4B-00C04F79EFBC}") = "MinimalAPITutorial", "MinimalAPITutorial\MinimalAPITutorial.csproj", "{7229B771-E94B-46D5-A54F-B8F4C65007D4}"
EndProject
Global
	GlobalSection(SolutionConfigurationPlatforms) = preSolution
		Debug|Any CPU = Debug|Any CPU
		Release|Any CPU = Release|Any CPU
	EndGlobalSection
	GlobalSection(ProjectConfigurationPlatforms) = postSolution
		{7229B771-E94B-46D5-A54F-B8F4C65007D4}.Debug|Any CPU.ActiveCfg = Debug|Any CPU
		{7229B771-E94B-46D5-A54F-B8F4C65007D4}.Debug|Any CPU.Build.0 = Debug|Any CPU
		{7229B771-E94B-46D5-A54F-B8F4C65007D4}.Release|Any CPU.ActiveCfg = Release|Any CPU
		{7229B771-E94B-46D5-A54F-B8F4C65007D4}.Release|Any CPU.Build.0 = Release|Any CPU
	EndGlobalSection
	GlobalSection(SolutionProperties) = preSolution
		HideSolutionNode = FALSE
	EndGlobalSection
	GlobalSection(ExtensibilityGlobals) = postSolution
		SolutionGuid = {81680B85-7CFE-46AF-A4BA-CE152297C6AE}
	EndGlobalSection
EndGlobal
